// !$*UTF8*$!
{
	archiveVersion = 1;
	classes = {
	};
	objectVersion = 50;
	objects = {

/* Begin PBXBuildFile section */
		2D2740FDAAC31259BAE98401 /* libmono-native.dylib in Embed Frameworks */ = {isa = PBXBuildFile; fileRef = 83654BEDBB0A7BD411C999DE /* libmono-native.dylib */; settings = {ATTRIBUTES = (CodeSignOnCopy, RemoveHeadersOnCopy, ); }; };
		6481434F81B4EEA981BFB8A1 /* MonoBleedingEdge in CopyFiles */ = {isa = PBXBuildFile; fileRef = 5EB14CBA88BF9E1797600AAE /* MonoBleedingEdge */; };
		750575B4214B38CE004B1B34 /* UnityPlayer.dylib in Frameworks */ = {isa = PBXBuildFile; fileRef = 750575B3214B38CE004B1B34 /* UnityPlayer.dylib */; };
		750575B5214B3DF2004B1B34 /* UnityPlayer.dylib in Embed Libraries */ = {isa = PBXBuildFile; fileRef = 750575B3214B38CE004B1B34 /* UnityPlayer.dylib */; settings = {ATTRIBUTES = (CodeSignOnCopy, ); }; };
		752CA83E2149E6C400295EFC /* Main.cpp in Sources */ = {isa = PBXBuildFile; fileRef = 752CA83D2149E6C400295EFC /* Main.cpp */; };
		75E7179221715210002B2479 /* Data in CopyFiles */ = {isa = PBXBuildFile; fileRef = 75E7178F21715210002B2479 /* Data */; };
		825941A4B8BDBA2EE3640264 /* libmonobdwgc-2.0.dylib in Embed Frameworks */ = {isa = PBXBuildFile; fileRef = 4FD3414A92CB7668526C4930 /* libmonobdwgc-2.0.dylib */; settings = {ATTRIBUTES = (CodeSignOnCopy, RemoveHeadersOnCopy, ); }; };
		CBA94BF4AB2538EBDBFEAB98 /* libMonoPosixHelper.dylib in Embed Frameworks */ = {isa = PBXBuildFile; fileRef = F8224D6BB62D34DA81273C11 /* libMonoPosixHelper.dylib */; settings = {ATTRIBUTES = (CodeSignOnCopy, RemoveHeadersOnCopy, ); }; };
/* End PBXBuildFile section */

/* Begin PBXCopyFilesBuildPhase section */
		679B419492E7FBE6CD87AAFD /* CopyFiles */ = {
			isa = PBXCopyFilesBuildPhase;
			buildActionMask = 2147483647;
			dstPath = "";
			dstSubfolderSpec = 1;
			files = (
				6481434F81B4EEA981BFB8A1 /* MonoBleedingEdge in CopyFiles */,
			);
			name = CopyFiles;
			runOnlyForDeploymentPostprocessing = 0;
		};
		750575B6214B3DF2004B1B34 /* Embed Libraries */ = {
			isa = PBXCopyFilesBuildPhase;
			buildActionMask = 2147483647;
			dstPath = "";
			dstSubfolderSpec = 10;
			files = (
				750575B5214B3DF2004B1B34 /* UnityPlayer.dylib in Embed Libraries */,
			);
			name = "Embed Libraries";
			runOnlyForDeploymentPostprocessing = 0;
		};
		752CA8262149E6C100295EFC /* CopyFiles */ = {
			isa = PBXCopyFilesBuildPhase;
			buildActionMask = 12;
			dstPath = "";
			dstSubfolderSpec = 1;
			files = (
				75E7179221715210002B2479 /* Data in CopyFiles */,
			);
			runOnlyForDeploymentPostprocessing = 0;
		};
		9066442F807D39B8086479C0 /* Embed Frameworks */ = {
			isa = PBXCopyFilesBuildPhase;
			buildActionMask = 2147483647;
			dstPath = "";
			dstSubfolderSpec = 10;
			files = (
				825941A4B8BDBA2EE3640264 /* libmonobdwgc-2.0.dylib in Embed Frameworks */,
				CBA94BF4AB2538EBDBFEAB98 /* libMonoPosixHelper.dylib in Embed Frameworks */,
				2D2740FDAAC31259BAE98401 /* libmono-native.dylib in Embed Frameworks */,
			);
			name = "Embed Frameworks";
			runOnlyForDeploymentPostprocessing = 0;
		};
/* End PBXCopyFilesBuildPhase section */

/* Begin PBXFileReference section */
		4FD3414A92CB7668526C4930 /* libmonobdwgc-2.0.dylib */ = {isa = PBXFileReference; lastKnownFileType = "compiled.mach-o.dylib"; name = "libmonobdwgc-2.0.dylib"; path = "ServerBuild/libmonobdwgc-2.0.dylib"; sourceTree = SOURCE_ROOT; };
		5EB14CBA88BF9E1797600AAE /* MonoBleedingEdge */ = {isa = PBXFileReference; lastKnownFileType = folder; name = MonoBleedingEdge; path = ServerBuild/MonoBleedingEdge; sourceTree = SOURCE_ROOT; };
		750575B3214B38CE004B1B34 /* UnityPlayer.dylib */ = {isa = PBXFileReference; lastKnownFileType = "compiled.mach-o.dylib"; name = UnityPlayer.dylib; path = ServerBuild/UnityPlayer.dylib; sourceTree = "<group>"; };
		752CA8282149E6C100295EFC /* ServerBuild */ = {isa = PBXFileReference; explicitFileType = wrapper.application; includeInIndex = 0; path = ServerBuild; sourceTree = BUILT_PRODUCTS_DIR; };
		752CA83D2149E6C400295EFC /* Main.cpp */ = {isa = PBXFileReference; lastKnownFileType = sourcecode.cpp.cpp; path = Main.cpp; sourceTree = "<group>"; };
		75E7178F21715210002B2479 /* Data */ = {isa = PBXFileReference; lastKnownFileType = folder; name = Data; path = ServerBuild/Data; sourceTree = "<group>"; };
		83654BEDBB0A7BD411C999DE /* libmono-native.dylib */ = {isa = PBXFileReference; lastKnownFileType = "compiled.mach-o.dylib"; name = "libmono-native.dylib"; path = "ServerBuild/libmono-native.dylib"; sourceTree = SOURCE_ROOT; };
		F8224D6BB62D34DA81273C11 /* libMonoPosixHelper.dylib */ = {isa = PBXFileReference; lastKnownFileType = "compiled.mach-o.dylib"; name = libMonoPosixHelper.dylib; path = ServerBuild/libMonoPosixHelper.dylib; sourceTree = SOURCE_ROOT; };
/* End PBXFileReference section */

/* Begin PBXFrameworksBuildPhase section */
		752CA8252149E6C100295EFC /* Frameworks */ = {
			isa = PBXFrameworksBuildPhase;
			buildActionMask = 2147483647;
			files = (
				750575B4214B38CE004B1B34 /* UnityPlayer.dylib in Frameworks */,
			);
			runOnlyForDeploymentPostprocessing = 0;
		};
/* End PBXFrameworksBuildPhase section */

/* Begin PBXGroup section */
		750575B2214B38CE004B1B34 /* Frameworks */ = {
			isa = PBXGroup;
			children = (
				750575B3214B38CE004B1B34 /* UnityPlayer.dylib */,
			);
			name = Frameworks;
			sourceTree = "<group>";
		};
		752CA81F2149E6C100295EFC = {
			isa = PBXGroup;
			children = (
				75E7179421715230002B2479 /* Resources */,
				750575B2214B38CE004B1B34 /* Frameworks */,
				752CA82A2149E6C100295EFC /* ServerBuild */,
				752CA8292149E6C100295EFC /* Products */,
			);
			sourceTree = "<group>";
		};
		752CA8292149E6C100295EFC /* Products */ = {
			isa = PBXGroup;
			children = (
				752CA8282149E6C100295EFC /* ServerBuild */,
			);
			name = Products;
			sourceTree = "<group>";
		};
		752CA82A2149E6C100295EFC /* ServerBuild */ = {
			isa = PBXGroup;
			children = (
				752CA83D2149E6C400295EFC /* Main.cpp */,
				4FD3414A92CB7668526C4930 /* libmonobdwgc-2.0.dylib */,
				F8224D6BB62D34DA81273C11 /* libMonoPosixHelper.dylib */,
				83654BEDBB0A7BD411C999DE /* libmono-native.dylib */,
				5EB14CBA88BF9E1797600AAE /* MonoBleedingEdge */,
			);
			path = ServerBuild;
			sourceTree = "<group>";
		};
		75E7179421715230002B2479 /* Resources */ = {
			isa = PBXGroup;
			children = (
				75E7178F21715210002B2479 /* Data */,
			);
			name = Resources;
			sourceTree = "<group>";
		};
/* End PBXGroup section */

/* Begin PBXNativeTarget section */
		752CA8272149E6C100295EFC /* ServerBuild */ = {
			isa = PBXNativeTarget;
			buildConfigurationList = 752CA8422149E6C400295EFC /* Build configuration list for PBXNativeTarget "ServerBuild" */;
			buildPhases = (
				752CA8242149E6C100295EFC /* Sources */,
				752CA8252149E6C100295EFC /* Frameworks */,
				752CA8262149E6C100295EFC /* CopyFiles */,
				750575B6214B3DF2004B1B34 /* Embed Libraries */,
				9066442F807D39B8086479C0 /* Embed Frameworks */,
				679B419492E7FBE6CD87AAFD /* CopyFiles */,
			);
			buildRules = (
			);
			dependencies = (
			);
			name = ServerBuild;
			productName = ServerBuild;
			productReference = 752CA8282149E6C100295EFC /* ServerBuild */;
			productType = "com.apple.product-type.tool";
		};
/* End PBXNativeTarget section */

/* Begin PBXProject section */
		752CA8202149E6C100295EFC /* Project object */ = {
			isa = PBXProject;
			attributes = {
				LastUpgradeCheck = 0940;
				ORGANIZATIONNAME = "Unity Technologies";
				TargetAttributes = {
					752CA8272149E6C100295EFC = {
						CreatedOnToolsVersion = 9.4.1;
					};
				};
			};
			buildConfigurationList = 752CA8232149E6C100295EFC /* Build configuration list for PBXProject "Unity-iPhone" */;
			compatibilityVersion = "Xcode 9.3";
			developmentRegion = en;
			hasScannedForEncodings = 0;
			knownRegions = (
				en,
				Base,
			);
			mainGroup = 752CA81F2149E6C100295EFC;
			productRefGroup = 752CA8292149E6C100295EFC;
			projectDirPath = "";
			projectRoot = "";
			targets = (
				752CA8272149E6C100295EFC /* ServerBuild */,
			);
		};
/* End PBXProject section */

/* Begin PBXSourcesBuildPhase section */
		752CA8242149E6C100295EFC /* Sources */ = {
			isa = PBXSourcesBuildPhase;
			buildActionMask = 2147483647;
			files = (
				752CA83E2149E6C400295EFC /* Main.cpp in Sources */,
			);
			runOnlyForDeploymentPostprocessing = 0;
		};
/* End PBXSourcesBuildPhase section */

/* Begin XCBuildConfiguration section */
		752CA8402149E6C400295EFC /* Debug */ = {
			isa = XCBuildConfiguration;
			buildSettings = {
				ALWAYS_SEARCH_USER_PATHS = NO;
				CLANG_ANALYZER_NONNULL = YES;
				CLANG_ANALYZER_NUMBER_OBJECT_CONVERSION = YES_AGGRESSIVE;
				CLANG_CXX_LANGUAGE_STANDARD = "gnu++14";
				CLANG_CXX_LIBRARY = "libc++";
				CLANG_ENABLE_MODULES = YES;
				CLANG_ENABLE_OBJC_ARC = YES;
				CLANG_ENABLE_OBJC_WEAK = YES;
				CLANG_WARN_BLOCK_CAPTURE_AUTORELEASING = YES;
				CLANG_WARN_BOOL_CONVERSION = YES;
				CLANG_WARN_COMMA = YES;
				CLANG_WARN_CONSTANT_CONVERSION = YES;
				CLANG_WARN_DEPRECATED_OBJC_IMPLEMENTATIONS = YES;
				CLANG_WARN_DIRECT_OBJC_ISA_USAGE = YES_ERROR;
				CLANG_WARN_DOCUMENTATION_COMMENTS = YES;
				CLANG_WARN_EMPTY_BODY = YES;
				CLANG_WARN_ENUM_CONVERSION = YES;
				CLANG_WARN_INFINITE_RECURSION = YES;
				CLANG_WARN_INT_CONVERSION = YES;
				CLANG_WARN_NON_LITERAL_NULL_CONVERSION = YES;
				CLANG_WARN_OBJC_IMPLICIT_RETAIN_SELF = YES;
				CLANG_WARN_OBJC_LITERAL_CONVERSION = YES;
				CLANG_WARN_OBJC_ROOT_CLASS = YES_ERROR;
				CLANG_WARN_RANGE_LOOP_ANALYSIS = YES;
				CLANG_WARN_STRICT_PROTOTYPES = YES;
				CLANG_WARN_SUSPICIOUS_MOVE = YES;
				CLANG_WARN_UNGUARDED_AVAILABILITY = YES_AGGRESSIVE;
				CLANG_WARN_UNREACHABLE_CODE = YES;
				CLANG_WARN__DUPLICATE_METHOD_MATCH = YES;
				COPY_PHASE_STRIP = NO;
				DEBUG_INFORMATION_FORMAT = dwarf;
				ENABLE_STRICT_OBJC_MSGSEND = YES;
				ENABLE_TESTABILITY = YES;
				GCC_C_LANGUAGE_STANDARD = gnu11;
				GCC_DYNAMIC_NO_PIC = NO;
				GCC_NO_COMMON_BLOCKS = YES;
				GCC_OPTIMIZATION_LEVEL = 0;
				GCC_PREPROCESSOR_DEFINITIONS = (
					"DEBUG=1",
					"$(inherited)",
				);
				GCC_WARN_64_TO_32_BIT_CONVERSION = YES;
				GCC_WARN_ABOUT_RETURN_TYPE = YES_ERROR;
				GCC_WARN_UNDECLARED_SELECTOR = YES;
				GCC_WARN_UNINITIALIZED_AUTOS = YES_AGGRESSIVE;
				GCC_WARN_UNUSED_FUNCTION = YES;
				GCC_WARN_UNUSED_VARIABLE = YES;
				MACOSX_DEPLOYMENT_TARGET = 10.13;
				ONLY_ACTIVE_ARCH = NO;
				SDKROOT = macosx;
			};
			name = Debug;
		};
		752CA8412149E6C400295EFC /* Release */ = {
			isa = XCBuildConfiguration;
			buildSettings = {
				ALWAYS_SEARCH_USER_PATHS = NO;
				CLANG_ANALYZER_NONNULL = YES;
				CLANG_ANALYZER_NUMBER_OBJECT_CONVERSION = YES_AGGRESSIVE;
				CLANG_CXX_LANGUAGE_STANDARD = "gnu++14";
				CLANG_CXX_LIBRARY = "libc++";
				CLANG_ENABLE_MODULES = YES;
				CLANG_ENABLE_OBJC_ARC = YES;
				CLANG_ENABLE_OBJC_WEAK = YES;
				CLANG_WARN_BLOCK_CAPTURE_AUTORELEASING = YES;
				CLANG_WARN_BOOL_CONVERSION = YES;
				CLANG_WARN_COMMA = YES;
				CLANG_WARN_CONSTANT_CONVERSION = YES;
				CLANG_WARN_DEPRECATED_OBJC_IMPLEMENTATIONS = YES;
				CLANG_WARN_DIRECT_OBJC_ISA_USAGE = YES_ERROR;
				CLANG_WARN_DOCUMENTATION_COMMENTS = YES;
				CLANG_WARN_EMPTY_BODY = YES;
				CLANG_WARN_ENUM_CONVERSION = YES;
				CLANG_WARN_INFINITE_RECURSION = YES;
				CLANG_WARN_INT_CONVERSION = YES;
				CLANG_WARN_NON_LITERAL_NULL_CONVERSION = YES;
				CLANG_WARN_OBJC_IMPLICIT_RETAIN_SELF = YES;
				CLANG_WARN_OBJC_LITERAL_CONVERSION = YES;
				CLANG_WARN_OBJC_ROOT_CLASS = YES_ERROR;
				CLANG_WARN_RANGE_LOOP_ANALYSIS = YES;
				CLANG_WARN_STRICT_PROTOTYPES = YES;
				CLANG_WARN_SUSPICIOUS_MOVE = YES;
				CLANG_WARN_UNGUARDED_AVAILABILITY = YES_AGGRESSIVE;
				CLANG_WARN_UNREACHABLE_CODE = YES;
				CLANG_WARN__DUPLICATE_METHOD_MATCH = YES;
				COPY_PHASE_STRIP = NO;
				DEBUG_INFORMATION_FORMAT = "dwarf-with-dsym";
				ENABLE_NS_ASSERTIONS = NO;
				ENABLE_STRICT_OBJC_MSGSEND = YES;
				GCC_C_LANGUAGE_STANDARD = gnu11;
				GCC_NO_COMMON_BLOCKS = YES;
				GCC_WARN_64_TO_32_BIT_CONVERSION = YES;
				GCC_WARN_ABOUT_RETURN_TYPE = YES_ERROR;
				GCC_WARN_UNDECLARED_SELECTOR = YES;
				GCC_WARN_UNINITIALIZED_AUTOS = YES_AGGRESSIVE;
				GCC_WARN_UNUSED_FUNCTION = YES;
				GCC_WARN_UNUSED_VARIABLE = YES;
				MACOSX_DEPLOYMENT_TARGET = 10.13;
				SDKROOT = macosx;
			};
			name = Release;
		};
		752CA8432149E6C400295EFC /* Debug */ = {
			isa = XCBuildConfiguration;
			buildSettings = {
				CODE_SIGN_STYLE = Automatic;
				LD_RUNPATH_SEARCH_PATHS = "@executable_path/Frameworks";
				LIBRARY_SEARCH_PATHS = (
					"$(inherited)",
					"@executable_path",
				);
				MACOSX_DEPLOYMENT_TARGET = 10.13.0;
				PRODUCT_NAME = "$(TARGET_NAME)";
				UNITY_RUNTIME_VERSION = 2022.3.2f1;
				UNITY_SCRIPTING_IL2CPP = 0;
				VALID_ARCHS = "arm64 x86_64";
			};
			name = Debug;
		};
		752CA8442149E6C400295EFC /* Release */ = {
			isa = XCBuildConfiguration;
			buildSettings = {
				CODE_SIGN_STYLE = Automatic;
				LD_RUNPATH_SEARCH_PATHS = "@executable_path/Frameworks";
				LIBRARY_SEARCH_PATHS = (
					"$(inherited)",
					"@executable_path",
				);
				MACOSX_DEPLOYMENT_TARGET = 10.13.0;
				PRODUCT_NAME = "$(TARGET_NAME)";
				UNITY_RUNTIME_VERSION = 2022.3.2f1;
				UNITY_SCRIPTING_IL2CPP = 0;
				VALID_ARCHS = "arm64 x86_64";
			};
			name = Release;
		};
/* End XCBuildConfiguration section */

/* Begin XCConfigurationList section */
		752CA8232149E6C100295EFC /* Build configuration list for PBXProject "Unity-iPhone" */ = {
			isa = XCConfigurationList;
			buildConfigurations = (
				752CA8402149E6C400295EFC /* Debug */,
				752CA8412149E6C400295EFC /* Release */,
			);
			defaultConfigurationIsVisible = 0;
			defaultConfigurationName = Release;
		};
		752CA8422149E6C400295EFC /* Build configuration list for PBXNativeTarget "ServerBuild" */ = {
			isa = XCConfigurationList;
			buildConfigurations = (
				752CA8432149E6C400295EFC /* Debug */,
				752CA8442149E6C400295EFC /* Release */,
			);
			defaultConfigurationIsVisible = 0;
			defaultConfigurationName = Release;
		};
/* End XCConfigurationList section */
	};
	rootObject = 752CA8202149E6C100295EFC /* Project object */;
}
